
Microsoft Visual Studio Solution File, Format Version 12.00
# Visual Studio Version 17
VisualStudioVersion = 17.14.36221.1 d17.14
MinimumVisualStudioVersion = 10.0.40219.1
Project("{FAE04EC0-301F-11D3-BF4B-00C04F79EFBC}") = "GenracionOC", "GenracionOC\GenracionOC.csproj", "{D815A78B-4CAD-49EE-8019-74344751118F}"
EndProject
Global
	GlobalSection(SolutionConfigurationPlatforms) = preSolution
		Debug|Any CPU = Debug|Any CPU
		Release|Any CPU = Release|Any CPU
	EndGlobalSection
	GlobalSection(ProjectConfigurationPlatforms) = postSolution
		{D815A78B-4CAD-49EE-8019-74344751118F}.Debug|Any CPU.ActiveCfg = Debug|Any CPU
		{D815A78B-4CAD-49EE-8019-74344751118F}.Debug|Any CPU.Build.0 = Debug|Any CPU
		{D815A78B-4CAD-49EE-8019-74344751118F}.Release|Any CPU.ActiveCfg = Release|Any CPU
		{D815A78B-4CAD-49EE-8019-74344751118F}.Release|Any CPU.Build.0 = Release|Any CPU
	EndGlobalSection
	GlobalSection(SolutionProperties) = preSolution
		HideSolutionNode = FALSE
	EndGlobalSection
	GlobalSection(ExtensibilityGlobals) = postSolution
		SolutionGuid = {45CD8D58-503C-4644-BDF3-80D8240C6D10}
	EndGlobalSection
EndGlobal
